
Microsoft Visual Studio Solution File, Format Version 12.00
# Visual Studio Version 17
VisualStudioVersion = 17.6.33723.286
MinimumVisualStudioVersion = 10.0.40219.1
Project("{FAE04EC0-301F-11D3-BF4B-00C04F79EFBC}") = "APIDemo2", "APIDemo2.csproj", "{64A7C230-F526-4086-A402-472AD2ABF160}"
EndProject
Global
	GlobalSection(SolutionConfigurationPlatforms) = preSolution
		Debug|Any CPU = Debug|Any CPU
		Release|Any CPU = Release|Any CPU
	EndGlobalSection
	GlobalSection(ProjectConfigurationPlatforms) = postSolution
		{64A7C230-F526-4086-A402-472AD2ABF160}.Debug|Any CPU.ActiveCfg = Debug|Any CPU
		{64A7C230-F526-4086-A402-472AD2ABF160}.Debug|Any CPU.Build.0 = Debug|Any CPU
		{64A7C230-F526-4086-A402-472AD2ABF160}.Release|Any CPU.ActiveCfg = Release|Any CPU
		{64A7C230-F526-4086-A402-472AD2ABF160}.Release|Any CPU.Build.0 = Release|Any CPU
	EndGlobalSection
	GlobalSection(SolutionProperties) = preSolution
		HideSolutionNode = FALSE
	EndGlobalSection
	GlobalSection(ExtensibilityGlobals) = postSolution
		SolutionGuid = {B8C554A0-838A-4900-A273-0BB3B95A4831}
	EndGlobalSection
EndGlobal
